{
    "version": 3,
    "terraform_version": "0.12.31",
    "serial": 1,
    "lineage": "3f301f34-d4a0-5334-35c8-95521b10c0e1",
    "modules": [
        {
            "path": [
                "root"
            ],
            "outputs": {
                "google_compute_instance_tfer--instance-group-1-uece-gj5c_self_link": {
                    "sensitive": false,
                    "type": "string",
                    "value": "https://www.googleapis.com/compute/v1/projects/trabalho-uece/zones/us-central1-f/instances/instance-group-1-uece-gj5c"
                }
            },
            "resources": {
                "google_compute_instance.tfer--instance-group-1-uece-gj5c": {
                    "type": "google_compute_instance",
                    "depends_on": [],
                    "primary": {
                        "id": "projects/trabalho-uece/zones/us-central1-f/instances/instance-group-1-uece-gj5c",
                        "attributes": {
                            "advanced_machine_features.#": "0",
                            "attached_disk.#": "0",
                            "boot_disk.#": "1",
                            "boot_disk.0.auto_delete": "true",
                            "boot_disk.0.device_name": "template-uece-maquina",
                            "boot_disk.0.disk_encryption_key_raw": "",
                            "boot_disk.0.disk_encryption_key_sha256": "",
                            "boot_disk.0.initialize_params.#": "1",
                            "boot_disk.0.initialize_params.0.image": "https://www.googleapis.com/compute/v1/projects/debian-cloud/global/images/debian-11-bullseye-arm64-v20240611",
                            "boot_disk.0.initialize_params.0.labels.%": "0",
                            "boot_disk.0.initialize_params.0.size": "10",
                            "boot_disk.0.initialize_params.0.type": "pd-balanced",
                            "boot_disk.0.kms_key_self_link": "",
                            "boot_disk.0.mode": "READ_WRITE",
                            "boot_disk.0.source": "https://www.googleapis.com/compute/v1/projects/trabalho-uece/zones/us-central1-f/disks/instance-group-1-uece-gj5c",
                            "can_ip_forward": "false",
                            "confidential_instance_config.#": "1",
                            "confidential_instance_config.0.enable_confidential_compute": "false",
                            "cpu_platform": "Ampere Altra",
                            "current_status": "RUNNING",
                            "deletion_protection": "false",
                            "description": "",
                            "enable_display": "false",
                            "guest_accelerator.#": "0",
                            "hostname": "",
                            "id": "projects/trabalho-uece/zones/us-central1-f/instances/instance-group-1-uece-gj5c",
                            "instance_id": "3825904669345016238",
                            "label_fingerprint": "42WmSpB8rSM=",
                            "labels.%": "0",
                            "machine_type": "t2a-standard-1",
                            "metadata.%": "3",
                            "metadata.created-by": "projects/786239718775/zones/us-central1-f/instanceGroupManagers/instance-group-1-uece",
                            "metadata.instance-template": "projects/786239718775/regions/us-central1/instanceTemplates/template-uece-maquina",
                            "metadata.ssh-keys": "alberto_neto94:ecdsa-sha2-nistp256 AAAAE2VjZHNhLXNoYTItbmlzdHAyNTYAAAAIbmlzdHAyNTYAAABBBHg09m5SH/3floAZZFjlL+eeiy71o/KJE7a9zIkkpQuhfz9Z37EXBjIpVTciXbDrJB1VmBO/bzlcHfFN/FVOMOI= google-ssh {\"userName\":\"alberto.neto94@gmail.com\",\"expireOn\":\"2024-06-28T00:31:27+0000\"}\nalberto_neto94:ssh-rsa AAAAB3NzaC1yc2EAAAADAQABAAABAQCUhzf4tAm39CEnl5germiWMTB//vQ1pE+CZd8xlrKa+OpkrNu+q5N3Rhtm7fhkywrMjt7zBZgkYcOT/4sMIUhJno+jNeVqQlYHgpzIpMpdgvn5aufNdFIWsQ7UGZtde7BU+Hxgsz0jBulEaKwc2QTuC59erLdWKROPKadRGAJKMFyimGpammxYClIXW6CJcQ7p86TbsCcSMBTIYLpCiX+rltSfccII+tNETiAAGRxw2MCA26NChHg2pq+OVNPvK9lA9BZjlKiwUq+fLN6dP75yYZWHEdpLOqVJifd/EtECsJouPFNB+w9avIppBV9ljhd7KumaGwMinmtq4WqSKImn google-ssh {\"userName\":\"alberto.neto94@gmail.com\",\"expireOn\":\"2024-06-28T00:31:47+0000\"}",
                            "metadata_fingerprint": "_LJ1kEAcYdc=",
                            "metadata_startup_script": "",
                            "min_cpu_platform": "",
                            "name": "instance-group-1-uece-gj5c",
                            "network_interface.#": "1",
                            "network_interface.0.access_config.#": "1",
                            "network_interface.0.access_config.0.nat_ip": "34.135.31.177",
                            "network_interface.0.access_config.0.network_tier": "PREMIUM",
                            "network_interface.0.access_config.0.public_ptr_domain_name": "",
                            "network_interface.0.alias_ip_range.#": "0",
                            "network_interface.0.ipv6_access_config.#": "0",
                            "network_interface.0.ipv6_access_type": "",
                            "network_interface.0.name": "nic0",
                            "network_interface.0.network": "https://www.googleapis.com/compute/v1/projects/trabalho-uece/global/networks/default",
                            "network_interface.0.network_ip": "10.128.0.4",
                            "network_interface.0.nic_type": "GVNIC",
                            "network_interface.0.stack_type": "IPV4_ONLY",
                            "network_interface.0.subnetwork": "https://www.googleapis.com/compute/v1/projects/trabalho-uece/regions/us-central1/subnetworks/default",
                            "network_interface.0.subnetwork_project": "trabalho-uece",
                            "project": "trabalho-uece",
                            "reservation_affinity.#": "1",
                            "reservation_affinity.0.specific_reservation.#": "0",
                            "reservation_affinity.0.type": "ANY_RESERVATION",
                            "resource_policies.#": "0",
                            "scheduling.#": "1",
                            "scheduling.0.automatic_restart": "true",
                            "scheduling.0.min_node_cpus": "0",
                            "scheduling.0.node_affinities.#": "0",
                            "scheduling.0.on_host_maintenance": "MIGRATE",
                            "scheduling.0.preemptible": "false",
                            "scratch_disk.#": "0",
                            "self_link": "https://www.googleapis.com/compute/v1/projects/trabalho-uece/zones/us-central1-f/instances/instance-group-1-uece-gj5c",
                            "service_account.#": "1",
                            "service_account.0.email": "786239718775-compute@developer.gserviceaccount.com",
                            "service_account.0.scopes.#": "6",
                            "service_account.0.scopes.0": "https://www.googleapis.com/auth/devstorage.read_only",
                            "service_account.0.scopes.1": "https://www.googleapis.com/auth/logging.write",
                            "service_account.0.scopes.2": "https://www.googleapis.com/auth/monitoring.write",
                            "service_account.0.scopes.3": "https://www.googleapis.com/auth/service.management.readonly",
                            "service_account.0.scopes.4": "https://www.googleapis.com/auth/servicecontrol",
                            "service_account.0.scopes.5": "https://www.googleapis.com/auth/trace.append",
                            "shielded_instance_config.#": "1",
                            "shielded_instance_config.0.enable_integrity_monitoring": "true",
                            "shielded_instance_config.0.enable_secure_boot": "false",
                            "shielded_instance_config.0.enable_vtpm": "true",
                            "tags.#": "3",
                            "tags.0": "http-server",
                            "tags.1": "https-server",
                            "tags.2": "lb-health-check",
                            "tags_fingerprint": "XTN9W2dqKHc=",
                            "zone": "us-central1-f"
                        },
                        "meta": {
                            "schema_version": 6
                        },
                        "tainted": false
                    },
                    "deposed": [],
                    "provider": "provider.google"
                }
            },
            "depends_on": []
        }
    ]
}
